// !$*UTF8*$!
{
	archiveVersion = 1;
	classes = {
	};
	objectVersion = 46;
	objects = {

/* Begin PBXBuildFile section */
		752200191AD5FE4300FAFFE4 /* main.m in Sources */ = {isa = PBXBuildFile; fileRef = 752200181AD5FE4300FAFFE4 /* main.m */; };
		7522001C1AD5FE4300FAFFE4 /* AppDelegate.m in Sources */ = {isa = PBXBuildFile; fileRef = 7522001B1AD5FE4300FAFFE4 /* AppDelegate.m */; };
		7522001F1AD5FE4300FAFFE4 /* Wanderlust.xcdatamodeld in Sources */ = {isa = PBXBuildFile; fileRef = 7522001D1AD5FE4300FAFFE4 /* Wanderlust.xcdatamodeld */; };
		752200221AD5FE4300FAFFE4 /* PlacesViewController.m in Sources */ = {isa = PBXBuildFile; fileRef = 752200211AD5FE4300FAFFE4 /* PlacesViewController.m */; };
		752200251AD5FE4300FAFFE4 /* Main.storyboard in Resources */ = {isa = PBXBuildFile; fileRef = 752200231AD5FE4300FAFFE4 /* Main.storyboard */; };
		752200271AD5FE4300FAFFE4 /* Images.xcassets in Resources */ = {isa = PBXBuildFile; fileRef = 752200261AD5FE4300FAFFE4 /* Images.xcassets */; };
		7522002A1AD5FE4300FAFFE4 /* LaunchScreen.xib in Resources */ = {isa = PBXBuildFile; fileRef = 752200281AD5FE4300FAFFE4 /* LaunchScreen.xib */; };
		752200361AD5FE4300FAFFE4 /* WanderlustTests.m in Sources */ = {isa = PBXBuildFile; fileRef = 752200351AD5FE4300FAFFE4 /* WanderlustTests.m */; };
		752200411AD5FF3300FAFFE4 /* CardsStackView.m in Sources */ = {isa = PBXBuildFile; fileRef = 752200401AD5FF3300FAFFE4 /* CardsStackView.m */; };
		752200441AD5FF6200FAFFE4 /* PannableCardView.m in Sources */ = {isa = PBXBuildFile; fileRef = 752200431AD5FF6200FAFFE4 /* PannableCardView.m */; };
		7522004E1AD63EF900FAFFE4 /* APIClient.m in Sources */ = {isa = PBXBuildFile; fileRef = 7522004D1AD63EF900FAFFE4 /* APIClient.m */; };
		752200531AD6484800FAFFE4 /* Place+Write.m in Sources */ = {isa = PBXBuildFile; fileRef = 752200521AD6484800FAFFE4 /* Place+Write.m */; };
		7561D4311AD8DC65002FBAAD /* FavoritePlacesViewController.m in Sources */ = {isa = PBXBuildFile; fileRef = 7561D4301AD8DC65002FBAAD /* FavoritePlacesViewController.m */; };
		75B7F2401AD65BFF000E1640 /* Place+Read.m in Sources */ = {isa = PBXBuildFile; fileRef = 75B7F23F1AD65BFF000E1640 /* Place+Read.m */; };
		75B7F2461AD672B3000E1640 /* MapViewController.m in Sources */ = {isa = PBXBuildFile; fileRef = 75B7F2451AD672B3000E1640 /* MapViewController.m */; };
		75B7F24F1AD6F052000E1640 /* PlaceView.m in Sources */ = {isa = PBXBuildFile; fileRef = 75B7F24E1AD6F052000E1640 /* PlaceView.m */; };
		75B7F2521AD70D3C000E1640 /* Place.m in Sources */ = {isa = PBXBuildFile; fileRef = 75B7F2511AD70D3C000E1640 /* Place.m */; };
		BB7D457147CF472CE6F077F5 /* libPods.a in Frameworks */ = {isa = PBXBuildFile; fileRef = 8FE1E2AED0A5C6B0298458A3 /* libPods.a */; };
/* End PBXBuildFile section */

/* Begin PBXContainerItemProxy section */
		752200301AD5FE4300FAFFE4 /* PBXContainerItemProxy */ = {
			isa = PBXContainerItemProxy;
			containerPortal = 7522000B1AD5FE4300FAFFE4 /* Project object */;
			proxyType = 1;
			remoteGlobalIDString = 752200121AD5FE4300FAFFE4;
			remoteInfo = Wanderlust;
		};
/* End PBXContainerItemProxy section */

/* Begin PBXFileReference section */
		4F0F2F94A111CD78AC4818FC /* Pods.debug.xcconfig */ = {isa = PBXFileReference; includeInIndex = 1; lastKnownFileType = text.xcconfig; name = Pods.debug.xcconfig; path = "Pods/Target Support Files/Pods/Pods.debug.xcconfig"; sourceTree = "<group>"; };
		752200131AD5FE4300FAFFE4 /* Wanderlust.app */ = {isa = PBXFileReference; explicitFileType = wrapper.application; includeInIndex = 0; path = Wanderlust.app; sourceTree = BUILT_PRODUCTS_DIR; };
		752200171AD5FE4300FAFFE4 /* Info.plist */ = {isa = PBXFileReference; lastKnownFileType = text.plist.xml; path = Info.plist; sourceTree = "<group>"; };
		752200181AD5FE4300FAFFE4 /* main.m */ = {isa = PBXFileReference; lastKnownFileType = sourcecode.c.objc; path = main.m; sourceTree = "<group>"; };
		7522001A1AD5FE4300FAFFE4 /* AppDelegate.h */ = {isa = PBXFileReference; lastKnownFileType = sourcecode.c.h; path = AppDelegate.h; sourceTree = "<group>"; };
		7522001B1AD5FE4300FAFFE4 /* AppDelegate.m */ = {isa = PBXFileReference; lastKnownFileType = sourcecode.c.objc; path = AppDelegate.m; sourceTree = "<group>"; };
		7522001E1AD5FE4300FAFFE4 /* Wanderlust.xcdatamodel */ = {isa = PBXFileReference; lastKnownFileType = wrapper.xcdatamodel; path = Wanderlust.xcdatamodel; sourceTree = "<group>"; };
		752200201AD5FE4300FAFFE4 /* PlacesViewController.h */ = {isa = PBXFileReference; lastKnownFileType = sourcecode.c.h; path = PlacesViewController.h; sourceTree = "<group>"; };
		752200211AD5FE4300FAFFE4 /* PlacesViewController.m */ = {isa = PBXFileReference; lastKnownFileType = sourcecode.c.objc; path = PlacesViewController.m; sourceTree = "<group>"; };
		752200241AD5FE4300FAFFE4 /* Base */ = {isa = PBXFileReference; lastKnownFileType = file.storyboard; name = Base; path = Base.lproj/Main.storyboard; sourceTree = "<group>"; };
		752200261AD5FE4300FAFFE4 /* Images.xcassets */ = {isa = PBXFileReference; lastKnownFileType = folder.assetcatalog; path = Images.xcassets; sourceTree = "<group>"; };
		752200291AD5FE4300FAFFE4 /* Base */ = {isa = PBXFileReference; lastKnownFileType = file.xib; name = Base; path = Base.lproj/LaunchScreen.xib; sourceTree = "<group>"; };
		7522002F1AD5FE4300FAFFE4 /* WanderlustTests.xctest */ = {isa = PBXFileReference; explicitFileType = wrapper.cfbundle; includeInIndex = 0; path = WanderlustTests.xctest; sourceTree = BUILT_PRODUCTS_DIR; };
		752200341AD5FE4300FAFFE4 /* Info.plist */ = {isa = PBXFileReference; lastKnownFileType = text.plist.xml; path = Info.plist; sourceTree = "<group>"; };
		752200351AD5FE4300FAFFE4 /* WanderlustTests.m */ = {isa = PBXFileReference; lastKnownFileType = sourcecode.c.objc; path = WanderlustTests.m; sourceTree = "<group>"; };
		7522003F1AD5FF3300FAFFE4 /* CardsStackView.h */ = {isa = PBXFileReference; fileEncoding = 4; lastKnownFileType = sourcecode.c.h; path = CardsStackView.h; sourceTree = "<group>"; };
		752200401AD5FF3300FAFFE4 /* CardsStackView.m */ = {isa = PBXFileReference; fileEncoding = 4; lastKnownFileType = sourcecode.c.objc; path = CardsStackView.m; sourceTree = "<group>"; };
		752200421AD5FF6200FAFFE4 /* PannableCardView.h */ = {isa = PBXFileReference; fileEncoding = 4; lastKnownFileType = sourcecode.c.h; path = PannableCardView.h; sourceTree = "<group>"; };
		752200431AD5FF6200FAFFE4 /* PannableCardView.m */ = {isa = PBXFileReference; fileEncoding = 4; lastKnownFileType = sourcecode.c.objc; path = PannableCardView.m; sourceTree = "<group>"; };
		752200451AD6048B00FAFFE4 /* Macros.h */ = {isa = PBXFileReference; lastKnownFileType = sourcecode.c.h; path = Macros.h; sourceTree = "<group>"; };
		7522004C1AD63EF900FAFFE4 /* APIClient.h */ = {isa = PBXFileReference; fileEncoding = 4; lastKnownFileType = sourcecode.c.h; path = APIClient.h; sourceTree = "<group>"; };
		7522004D1AD63EF900FAFFE4 /* APIClient.m */ = {isa = PBXFileReference; fileEncoding = 4; lastKnownFileType = sourcecode.c.objc; path = APIClient.m; sourceTree = "<group>"; };
		752200511AD6484800FAFFE4 /* Place+Write.h */ = {isa = PBXFileReference; fileEncoding = 4; lastKnownFileType = sourcecode.c.h; path = "Place+Write.h"; sourceTree = "<group>"; };
		752200521AD6484800FAFFE4 /* Place+Write.m */ = {isa = PBXFileReference; fileEncoding = 4; lastKnownFileType = sourcecode.c.objc; path = "Place+Write.m"; sourceTree = "<group>"; };
		7561D42F1AD8DC65002FBAAD /* FavoritePlacesViewController.h */ = {isa = PBXFileReference; fileEncoding = 4; lastKnownFileType = sourcecode.c.h; path = FavoritePlacesViewController.h; sourceTree = "<group>"; };
		7561D4301AD8DC65002FBAAD /* FavoritePlacesViewController.m */ = {isa = PBXFileReference; fileEncoding = 4; lastKnownFileType = sourcecode.c.objc; path = FavoritePlacesViewController.m; sourceTree = "<group>"; };
		75B7F23E1AD65BFF000E1640 /* Place+Read.h */ = {isa = PBXFileReference; fileEncoding = 4; lastKnownFileType = sourcecode.c.h; path = "Place+Read.h"; sourceTree = "<group>"; };
		75B7F23F1AD65BFF000E1640 /* Place+Read.m */ = {isa = PBXFileReference; fileEncoding = 4; lastKnownFileType = sourcecode.c.objc; path = "Place+Read.m"; sourceTree = "<group>"; };
		75B7F2441AD672B3000E1640 /* MapViewController.h */ = {isa = PBXFileReference; fileEncoding = 4; lastKnownFileType = sourcecode.c.h; path = MapViewController.h; sourceTree = "<group>"; };
		75B7F2451AD672B3000E1640 /* MapViewController.m */ = {isa = PBXFileReference; fileEncoding = 4; lastKnownFileType = sourcecode.c.objc; path = MapViewController.m; sourceTree = "<group>"; };
		75B7F24D1AD6F052000E1640 /* PlaceView.h */ = {isa = PBXFileReference; fileEncoding = 4; lastKnownFileType = sourcecode.c.h; path = PlaceView.h; sourceTree = "<group>"; };
		75B7F24E1AD6F052000E1640 /* PlaceView.m */ = {isa = PBXFileReference; fileEncoding = 4; lastKnownFileType = sourcecode.c.objc; path = PlaceView.m; sourceTree = "<group>"; };
		75B7F2501AD70D3C000E1640 /* Place.h */ = {isa = PBXFileReference; fileEncoding = 4; lastKnownFileType = sourcecode.c.h; path = Place.h; sourceTree = "<group>"; };
		75B7F2511AD70D3C000E1640 /* Place.m */ = {isa = PBXFileReference; fileEncoding = 4; lastKnownFileType = sourcecode.c.objc; path = Place.m; sourceTree = "<group>"; };
		8FE1E2AED0A5C6B0298458A3 /* libPods.a */ = {isa = PBXFileReference; explicitFileType = archive.ar; includeInIndex = 0; path = libPods.a; sourceTree = BUILT_PRODUCTS_DIR; };
		B540DEABE2458D21389C0A1E /* Pods.release.xcconfig */ = {isa = PBXFileReference; includeInIndex = 1; lastKnownFileType = text.xcconfig; name = Pods.release.xcconfig; path = "Pods/Target Support Files/Pods/Pods.release.xcconfig"; sourceTree = "<group>"; };
/* End PBXFileReference section */

/* Begin PBXFrameworksBuildPhase section */
		752200101AD5FE4300FAFFE4 /* Frameworks */ = {
			isa = PBXFrameworksBuildPhase;
			buildActionMask = 2147483647;
			files = (
				BB7D457147CF472CE6F077F5 /* libPods.a in Frameworks */,
			);
			runOnlyForDeploymentPostprocessing = 0;
		};
		7522002C1AD5FE4300FAFFE4 /* Frameworks */ = {
			isa = PBXFrameworksBuildPhase;
			buildActionMask = 2147483647;
			files = (
			);
			runOnlyForDeploymentPostprocessing = 0;
		};
/* End PBXFrameworksBuildPhase section */

/* Begin PBXGroup section */
		6ED4B618DE9836F3900E5FC3 /* Pods */ = {
			isa = PBXGroup;
			children = (
				4F0F2F94A111CD78AC4818FC /* Pods.debug.xcconfig */,
				B540DEABE2458D21389C0A1E /* Pods.release.xcconfig */,
			);
			name = Pods;
			sourceTree = "<group>";
		};
		7522000A1AD5FE4300FAFFE4 = {
			isa = PBXGroup;
			children = (
				752200151AD5FE4300FAFFE4 /* Wanderlust */,
				752200321AD5FE4300FAFFE4 /* WanderlustTests */,
				752200141AD5FE4300FAFFE4 /* Products */,
				6ED4B618DE9836F3900E5FC3 /* Pods */,
				8A5CF5E65871C569FADE117B /* Frameworks */,
			);
			sourceTree = "<group>";
		};
		752200141AD5FE4300FAFFE4 /* Products */ = {
			isa = PBXGroup;
			children = (
				752200131AD5FE4300FAFFE4 /* Wanderlust.app */,
				7522002F1AD5FE4300FAFFE4 /* WanderlustTests.xctest */,
			);
			name = Products;
			sourceTree = "<group>";
		};
		752200151AD5FE4300FAFFE4 /* Wanderlust */ = {
			isa = PBXGroup;
			children = (
				7522001A1AD5FE4300FAFFE4 /* AppDelegate.h */,
				7522001B1AD5FE4300FAFFE4 /* AppDelegate.m */,
				752200201AD5FE4300FAFFE4 /* PlacesViewController.h */,
				752200211AD5FE4300FAFFE4 /* PlacesViewController.m */,
				75B7F2441AD672B3000E1640 /* MapViewController.h */,
				75B7F2451AD672B3000E1640 /* MapViewController.m */,
				7561D42F1AD8DC65002FBAAD /* FavoritePlacesViewController.h */,
				7561D4301AD8DC65002FBAAD /* FavoritePlacesViewController.m */,
				752200461AD638A700FAFFE4 /* Cards Stack View */,
				752200471AD6393B00FAFFE4 /* Data Layer */,
				752200451AD6048B00FAFFE4 /* Macros.h */,
				752200231AD5FE4300FAFFE4 /* Main.storyboard */,
				752200261AD5FE4300FAFFE4 /* Images.xcassets */,
				752200281AD5FE4300FAFFE4 /* LaunchScreen.xib */,
				752200161AD5FE4300FAFFE4 /* Supporting Files */,
			);
			path = Wanderlust;
			sourceTree = "<group>";
		};
		752200161AD5FE4300FAFFE4 /* Supporting Files */ = {
			isa = PBXGroup;
			children = (
				752200171AD5FE4300FAFFE4 /* Info.plist */,
				752200181AD5FE4300FAFFE4 /* main.m */,
			);
			name = "Supporting Files";
			sourceTree = "<group>";
		};
		752200321AD5FE4300FAFFE4 /* WanderlustTests */ = {
			isa = PBXGroup;
			children = (
				752200351AD5FE4300FAFFE4 /* WanderlustTests.m */,
				752200331AD5FE4300FAFFE4 /* Supporting Files */,
			);
			path = WanderlustTests;
			sourceTree = "<group>";
		};
		752200331AD5FE4300FAFFE4 /* Supporting Files */ = {
			isa = PBXGroup;
			children = (
				752200341AD5FE4300FAFFE4 /* Info.plist */,
			);
			name = "Supporting Files";
			sourceTree = "<group>";
		};
		752200461AD638A700FAFFE4 /* Cards Stack View */ = {
			isa = PBXGroup;
			children = (
				7522003F1AD5FF3300FAFFE4 /* CardsStackView.h */,
				752200401AD5FF3300FAFFE4 /* CardsStackView.m */,
				752200421AD5FF6200FAFFE4 /* PannableCardView.h */,
				752200431AD5FF6200FAFFE4 /* PannableCardView.m */,
				75B7F24D1AD6F052000E1640 /* PlaceView.h */,
				75B7F24E1AD6F052000E1640 /* PlaceView.m */,
			);
			name = "Cards Stack View";
			sourceTree = "<group>";
		};
		752200471AD6393B00FAFFE4 /* Data Layer */ = {
			isa = PBXGroup;
			children = (
				7522004F1AD6405600FAFFE4 /* Network */,
				752200501AD6405F00FAFFE4 /* Data Model */,
			);
			name = "Data Layer";
			sourceTree = "<group>";
		};
		7522004F1AD6405600FAFFE4 /* Network */ = {
			isa = PBXGroup;
			children = (
				7522004C1AD63EF900FAFFE4 /* APIClient.h */,
				7522004D1AD63EF900FAFFE4 /* APIClient.m */,
			);
			name = Network;
			sourceTree = "<group>";
		};
		752200501AD6405F00FAFFE4 /* Data Model */ = {
			isa = PBXGroup;
			children = (
				7522001D1AD5FE4300FAFFE4 /* Wanderlust.xcdatamodeld */,
				75B7F2501AD70D3C000E1640 /* Place.h */,
				75B7F2511AD70D3C000E1640 /* Place.m */,
				752200511AD6484800FAFFE4 /* Place+Write.h */,
				752200521AD6484800FAFFE4 /* Place+Write.m */,
				75B7F23E1AD65BFF000E1640 /* Place+Read.h */,
				75B7F23F1AD65BFF000E1640 /* Place+Read.m */,
			);
			name = "Data Model";
			sourceTree = "<group>";
		};
		8A5CF5E65871C569FADE117B /* Frameworks */ = {
			isa = PBXGroup;
			children = (
				8FE1E2AED0A5C6B0298458A3 /* libPods.a */,
			);
			name = Frameworks;
			sourceTree = "<group>";
		};
/* End PBXGroup section */

/* Begin PBXNativeTarget section */
		752200121AD5FE4300FAFFE4 /* Wanderlust */ = {
			isa = PBXNativeTarget;
			buildConfigurationList = 752200391AD5FE4300FAFFE4 /* Build configuration list for PBXNativeTarget "Wanderlust" */;
			buildPhases = (
				BFC27315A48D2D6CB9337B18 /* Check Pods Manifest.lock */,
				7522000F1AD5FE4300FAFFE4 /* Sources */,
				752200101AD5FE4300FAFFE4 /* Frameworks */,
				752200111AD5FE4300FAFFE4 /* Resources */,
				364FA6EAA88833CBC6B51BB4 /* Copy Pods Resources */,
			);
			buildRules = (
			);
			dependencies = (
			);
			name = Wanderlust;
			productName = Wanderlust;
			productReference = 752200131AD5FE4300FAFFE4 /* Wanderlust.app */;
			productType = "com.apple.product-type.application";
		};
		7522002E1AD5FE4300FAFFE4 /* WanderlustTests */ = {
			isa = PBXNativeTarget;
			buildConfigurationList = 7522003C1AD5FE4300FAFFE4 /* Build configuration list for PBXNativeTarget "WanderlustTests" */;
			buildPhases = (
				7522002B1AD5FE4300FAFFE4 /* Sources */,
				7522002C1AD5FE4300FAFFE4 /* Frameworks */,
				7522002D1AD5FE4300FAFFE4 /* Resources */,
			);
			buildRules = (
			);
			dependencies = (
				752200311AD5FE4300FAFFE4 /* PBXTargetDependency */,
			);
			name = WanderlustTests;
			productName = WanderlustTests;
			productReference = 7522002F1AD5FE4300FAFFE4 /* WanderlustTests.xctest */;
			productType = "com.apple.product-type.bundle.unit-test";
		};
/* End PBXNativeTarget section */

/* Begin PBXProject section */
		7522000B1AD5FE4300FAFFE4 /* Project object */ = {
			isa = PBXProject;
			attributes = {
				LastUpgradeCheck = 0620;
				ORGANIZATIONNAME = "Serdar Karatekin";
				TargetAttributes = {
					752200121AD5FE4300FAFFE4 = {
						CreatedOnToolsVersion = 6.2;
					};
					7522002E1AD5FE4300FAFFE4 = {
						CreatedOnToolsVersion = 6.2;
						TestTargetID = 752200121AD5FE4300FAFFE4;
					};
				};
			};
			buildConfigurationList = 7522000E1AD5FE4300FAFFE4 /* Build configuration list for PBXProject "Wanderlust" */;
			compatibilityVersion = "Xcode 3.2";
			developmentRegion = English;
			hasScannedForEncodings = 0;
			knownRegions = (
				en,
				Base,
			);
			mainGroup = 7522000A1AD5FE4300FAFFE4;
			productRefGroup = 752200141AD5FE4300FAFFE4 /* Products */;
			projectDirPath = "";
			projectRoot = "";
			targets = (
				752200121AD5FE4300FAFFE4 /* Wanderlust */,
				7522002E1AD5FE4300FAFFE4 /* WanderlustTests */,
			);
		};
/* End PBXProject section */

/* Begin PBXResourcesBuildPhase section */
		752200111AD5FE4300FAFFE4 /* Resources */ = {
			isa = PBXResourcesBuildPhase;
			buildActionMask = 2147483647;
			files = (
				752200251AD5FE4300FAFFE4 /* Main.storyboard in Resources */,
				7522002A1AD5FE4300FAFFE4 /* LaunchScreen.xib in Resources */,
				752200271AD5FE4300FAFFE4 /* Images.xcassets in Resources */,
			);
			runOnlyForDeploymentPostprocessing = 0;
		};
		7522002D1AD5FE4300FAFFE4 /* Resources */ = {
			isa = PBXResourcesBuildPhase;
			buildActionMask = 2147483647;
			files = (
			);
			runOnlyForDeploymentPostprocessing = 0;
		};
/* End PBXResourcesBuildPhase section */

/* Begin PBXShellScriptBuildPhase section */
		364FA6EAA88833CBC6B51BB4 /* Copy Pods Resources */ = {
			isa = PBXShellScriptBuildPhase;
			buildActionMask = 2147483647;
			files = (
			);
			inputPaths = (
			);
			name = "Copy Pods Resources";
			outputPaths = (
			);
			runOnlyForDeploymentPostprocessing = 0;
			shellPath = /bin/sh;
			shellScript = "\"${SRCROOT}/Pods/Target Support Files/Pods/Pods-resources.sh\"\n";
			showEnvVarsInLog = 0;
		};
		BFC27315A48D2D6CB9337B18 /* Check Pods Manifest.lock */ = {
			isa = PBXShellScriptBuildPhase;
			buildActionMask = 2147483647;
			files = (
			);
			inputPaths = (
			);
			name = "Check Pods Manifest.lock";
			outputPaths = (
			);
			runOnlyForDeploymentPostprocessing = 0;
			shellPath = /bin/sh;
			shellScript = "diff \"${PODS_ROOT}/../Podfile.lock\" \"${PODS_ROOT}/Manifest.lock\" > /dev/null\nif [[ $? != 0 ]] ; then\n    cat << EOM\nerror: The sandbox is not in sync with the Podfile.lock. Run 'pod install' or update your CocoaPods installation.\nEOM\n    exit 1\nfi\n";
			showEnvVarsInLog = 0;
		};
/* End PBXShellScriptBuildPhase section */

/* Begin PBXSourcesBuildPhase section */
		7522000F1AD5FE4300FAFFE4 /* Sources */ = {
			isa = PBXSourcesBuildPhase;
			buildActionMask = 2147483647;
			files = (
				752200441AD5FF6200FAFFE4 /* PannableCardView.m in Sources */,
				752200411AD5FF3300FAFFE4 /* CardsStackView.m in Sources */,
				7522001C1AD5FE4300FAFFE4 /* AppDelegate.m in Sources */,
				75B7F2521AD70D3C000E1640 /* Place.m in Sources */,
				752200191AD5FE4300FAFFE4 /* main.m in Sources */,
				75B7F2401AD65BFF000E1640 /* Place+Read.m in Sources */,
				7561D4311AD8DC65002FBAAD /* FavoritePlacesViewController.m in Sources */,
				752200221AD5FE4300FAFFE4 /* PlacesViewController.m in Sources */,
				7522001F1AD5FE4300FAFFE4 /* Wanderlust.xcdatamodeld in Sources */,
				752200531AD6484800FAFFE4 /* Place+Write.m in Sources */,
				75B7F24F1AD6F052000E1640 /* PlaceView.m in Sources */,
				7522004E1AD63EF900FAFFE4 /* APIClient.m in Sources */,
				75B7F2461AD672B3000E1640 /* MapViewController.m in Sources */,
			);
			runOnlyForDeploymentPostprocessing = 0;
		};
		7522002B1AD5FE4300FAFFE4 /* Sources */ = {
			isa = PBXSourcesBuildPhase;
			buildActionMask = 2147483647;
			files = (
				752200361AD5FE4300FAFFE4 /* WanderlustTests.m in Sources */,
			);
			runOnlyForDeploymentPostprocessing = 0;
		};
/* End PBXSourcesBuildPhase section */

/* Begin PBXTargetDependency section */
		752200311AD5FE4300FAFFE4 /* PBXTargetDependency */ = {
			isa = PBXTargetDependency;
			target = 752200121AD5FE4300FAFFE4 /* Wanderlust */;
			targetProxy = 752200301AD5FE4300FAFFE4 /* PBXContainerItemProxy */;
		};
/* End PBXTargetDependency section */

/* Begin PBXVariantGroup section */
		752200231AD5FE4300FAFFE4 /* Main.storyboard */ = {
			isa = PBXVariantGroup;
			children = (
				752200241AD5FE4300FAFFE4 /* Base */,
			);
			name = Main.storyboard;
			sourceTree = "<group>";
		};
		752200281AD5FE4300FAFFE4 /* LaunchScreen.xib */ = {
			isa = PBXVariantGroup;
			children = (
				752200291AD5FE4300FAFFE4 /* Base */,
			);
			name = LaunchScreen.xib;
			sourceTree = "<group>";
		};
/* End PBXVariantGroup section */

/* Begin XCBuildConfiguration section */
		752200371AD5FE4300FAFFE4 /* Debug */ = {
			isa = XCBuildConfiguration;
			buildSettings = {
				ALWAYS_SEARCH_USER_PATHS = NO;
				CLANG_CXX_LANGUAGE_STANDARD = "gnu++0x";
				CLANG_CXX_LIBRARY = "libc++";
				CLANG_ENABLE_MODULES = YES;
				CLANG_ENABLE_OBJC_ARC = YES;
				CLANG_WARN_BOOL_CONVERSION = YES;
				CLANG_WARN_CONSTANT_CONVERSION = YES;
				CLANG_WARN_DIRECT_OBJC_ISA_USAGE = YES_ERROR;
				CLANG_WARN_EMPTY_BODY = YES;
				CLANG_WARN_ENUM_CONVERSION = YES;
				CLANG_WARN_INT_CONVERSION = YES;
				CLANG_WARN_OBJC_ROOT_CLASS = YES_ERROR;
				CLANG_WARN_UNREACHABLE_CODE = YES;
				CLANG_WARN__DUPLICATE_METHOD_MATCH = YES;
				"CODE_SIGN_IDENTITY[sdk=iphoneos*]" = "iPhone Developer";
				COPY_PHASE_STRIP = NO;
				ENABLE_STRICT_OBJC_MSGSEND = YES;
				GCC_C_LANGUAGE_STANDARD = gnu99;
				GCC_DYNAMIC_NO_PIC = NO;
				GCC_OPTIMIZATION_LEVEL = 0;
				GCC_PREPROCESSOR_DEFINITIONS = (
					"DEBUG=1",
					"$(inherited)",
				);
				GCC_SYMBOLS_PRIVATE_EXTERN = NO;
				GCC_WARN_64_TO_32_BIT_CONVERSION = YES;
				GCC_WARN_ABOUT_RETURN_TYPE = YES_ERROR;
				GCC_WARN_UNDECLARED_SELECTOR = YES;
				GCC_WARN_UNINITIALIZED_AUTOS = YES_AGGRESSIVE;
				GCC_WARN_UNUSED_FUNCTION = YES;
				GCC_WARN_UNUSED_VARIABLE = YES;
				IPHONEOS_DEPLOYMENT_TARGET = 8.2;
				MTL_ENABLE_DEBUG_INFO = YES;
				ONLY_ACTIVE_ARCH = YES;
				SDKROOT = iphoneos;
			};
			name = Debug;
		};
		752200381AD5FE4300FAFFE4 /* Release */ = {
			isa = XCBuildConfiguration;
			buildSettings = {
				ALWAYS_SEARCH_USER_PATHS = NO;
				CLANG_CXX_LANGUAGE_STANDARD = "gnu++0x";
				CLANG_CXX_LIBRARY = "libc++";
				CLANG_ENABLE_MODULES = YES;
				CLANG_ENABLE_OBJC_ARC = YES;
				CLANG_WARN_BOOL_CONVERSION = YES;
				CLANG_WARN_CONSTANT_CONVERSION = YES;
				CLANG_WARN_DIRECT_OBJC_ISA_USAGE = YES_ERROR;
				CLANG_WARN_EMPTY_BODY = YES;
				CLANG_WARN_ENUM_CONVERSION = YES;
				CLANG_WARN_INT_CONVERSION = YES;
				CLANG_WARN_OBJC_ROOT_CLASS = YES_ERROR;
				CLANG_WARN_UNREACHABLE_CODE = YES;
				CLANG_WARN__DUPLICATE_METHOD_MATCH = YES;
				"CODE_SIGN_IDENTITY[sdk=iphoneos*]" = "iPhone Developer";
				COPY_PHASE_STRIP = NO;
				ENABLE_NS_ASSERTIONS = NO;
				ENABLE_STRICT_OBJC_MSGSEND = YES;
				GCC_C_LANGUAGE_STANDARD = gnu99;
				GCC_WARN_64_TO_32_BIT_CONVERSION = YES;
				GCC_WARN_ABOUT_RETURN_TYPE = YES_ERROR;
				GCC_WARN_UNDECLARED_SELECTOR = YES;
				GCC_WARN_UNINITIALIZED_AUTOS = YES_AGGRESSIVE;
				GCC_WARN_UNUSED_FUNCTION = YES;
				GCC_WARN_UNUSED_VARIABLE = YES;
				IPHONEOS_DEPLOYMENT_TARGET = 8.2;
				MTL_ENABLE_DEBUG_INFO = NO;
				SDKROOT = iphoneos;
				VALIDATE_PRODUCT = YES;
			};
			name = Release;
		};
		7522003A1AD5FE4300FAFFE4 /* Debug */ = {
			isa = XCBuildConfiguration;
			baseConfigurationReference = 4F0F2F94A111CD78AC4818FC /* Pods.debug.xcconfig */;
			buildSettings = {
				ASSETCATALOG_COMPILER_APPICON_NAME = AppIcon;
				INFOPLIST_FILE = Wanderlust/Info.plist;
				IPHONEOS_DEPLOYMENT_TARGET = 8.0;
				LD_RUNPATH_SEARCH_PATHS = "$(inherited) @executable_path/Frameworks";
				PRODUCT_NAME = "$(TARGET_NAME)";
			};
			name = Debug;
		};
		7522003B1AD5FE4300FAFFE4 /* Release */ = {
			isa = XCBuildConfiguration;
			baseConfigurationReference = B540DEABE2458D21389C0A1E /* Pods.release.xcconfig */;
			buildSettings = {
				ASSETCATALOG_COMPILER_APPICON_NAME = AppIcon;
				INFOPLIST_FILE = Wanderlust/Info.plist;
				IPHONEOS_DEPLOYMENT_TARGET = 8.0;
				LD_RUNPATH_SEARCH_PATHS = "$(inherited) @executable_path/Frameworks";
				PRODUCT_NAME = "$(TARGET_NAME)";
			};
			name = Release;
		};
		7522003D1AD5FE4300FAFFE4 /* Debug */ = {
			isa = XCBuildConfiguration;
			buildSettings = {
				BUNDLE_LOADER = "$(TEST_HOST)";
				FRAMEWORK_SEARCH_PATHS = (
					"$(SDKROOT)/Developer/Library/Frameworks",
					"$(inherited)",
				);
				GCC_PREPROCESSOR_DEFINITIONS = (
					"DEBUG=1",
					"$(inherited)",
				);
				INFOPLIST_FILE = WanderlustTests/Info.plist;
				LD_RUNPATH_SEARCH_PATHS = "$(inherited) @executable_path/Frameworks @loader_path/Frameworks";
				PRODUCT_NAME = "$(TARGET_NAME)";
				TEST_HOST = "$(BUILT_PRODUCTS_DIR)/Wanderlust.app/Wanderlust";
			};
			name = Debug;
		};
		7522003E1AD5FE4300FAFFE4 /* Release */ = {
			isa = XCBuildConfiguration;
			buildSettings = {
				BUNDLE_LOADER = "$(TEST_HOST)";
				FRAMEWORK_SEARCH_PATHS = (
					"$(SDKROOT)/Developer/Library/Frameworks",
					"$(inherited)",
				);
				INFOPLIST_FILE = WanderlustTests/Info.plist;
				LD_RUNPATH_SEARCH_PATHS = "$(inherited) @executable_path/Frameworks @loader_path/Frameworks";
				PRODUCT_NAME = "$(TARGET_NAME)";
				TEST_HOST = "$(BUILT_PRODUCTS_DIR)/Wanderlust.app/Wanderlust";
			};
			name = Release;
		};
/* End XCBuildConfiguration section */

/* Begin XCConfigurationList section */
		7522000E1AD5FE4300FAFFE4 /* Build configuration list for PBXProject "Wanderlust" */ = {
			isa = XCConfigurationList;
			buildConfigurations = (
				752200371AD5FE4300FAFFE4 /* Debug */,
				752200381AD5FE4300FAFFE4 /* Release */,
			);
			defaultConfigurationIsVisible = 0;
			defaultConfigurationName = Release;
		};
		752200391AD5FE4300FAFFE4 /* Build configuration list for PBXNativeTarget "Wanderlust" */ = {
			isa = XCConfigurationList;
			buildConfigurations = (
				7522003A1AD5FE4300FAFFE4 /* Debug */,
				7522003B1AD5FE4300FAFFE4 /* Release */,
			);
			defaultConfigurationIsVisible = 0;
			defaultConfigurationName = Release;
		};
		7522003C1AD5FE4300FAFFE4 /* Build configuration list for PBXNativeTarget "WanderlustTests" */ = {
			isa = XCConfigurationList;
			buildConfigurations = (
				7522003D1AD5FE4300FAFFE4 /* Debug */,
				7522003E1AD5FE4300FAFFE4 /* Release */,
			);
			defaultConfigurationIsVisible = 0;
			defaultConfigurationName = Release;
		};
/* End XCConfigurationList section */

/* Begin XCVersionGroup section */
		7522001D1AD5FE4300FAFFE4 /* Wanderlust.xcdatamodeld */ = {
			isa = XCVersionGroup;
			children = (
				7522001E1AD5FE4300FAFFE4 /* Wanderlust.xcdatamodel */,
			);
			currentVersion = 7522001E1AD5FE4300FAFFE4 /* Wanderlust.xcdatamodel */;
			path = Wanderlust.xcdatamodeld;
			sourceTree = "<group>";
			versionGroupType = wrapper.xcdatamodel;
		};
/* End XCVersionGroup section */
	};
	rootObject = 7522000B1AD5FE4300FAFFE4 /* Project object */;
}
